
Microsoft Visual Studio Solution File, Format Version 12.00
# Visual Studio Version 17
VisualStudioVersion = 17.4.33122.133
MinimumVisualStudioVersion = 10.0.40219.1
Project("{FAE04EC0-301F-11D3-BF4B-00C04F79EFBC}") = "Input and Validation Library", "Input and Validation Library.csproj", "{71A4F7CE-F982-42B8-B702-4EB482DAE093}"
EndProject
Global
	GlobalSection(SolutionConfigurationPlatforms) = preSolution
		Debug|Any CPU = Debug|Any CPU
		Release|Any CPU = Release|Any CPU
	EndGlobalSection
	GlobalSection(ProjectConfigurationPlatforms) = postSolution
		{71A4F7CE-F982-42B8-B702-4EB482DAE093}.Debug|Any CPU.ActiveCfg = Debug|Any CPU
		{71A4F7CE-F982-42B8-B702-4EB482DAE093}.Debug|Any CPU.Build.0 = Debug|Any CPU
		{71A4F7CE-F982-42B8-B702-4EB482DAE093}.Release|Any CPU.ActiveCfg = Release|Any CPU
		{71A4F7CE-F982-42B8-B702-4EB482DAE093}.Release|Any CPU.Build.0 = Release|Any CPU
	EndGlobalSection
	GlobalSection(SolutionProperties) = preSolution
		HideSolutionNode = FALSE
	EndGlobalSection
	GlobalSection(ExtensibilityGlobals) = postSolution
		SolutionGuid = {BADA5570-DD2A-4161-BD2E-8DF098A399DA}
	EndGlobalSection
EndGlobal
