
Microsoft Visual Studio Solution File, Format Version 12.00
# Visual Studio Version 17
VisualStudioVersion = 17.4.33122.133
MinimumVisualStudioVersion = 10.0.40219.1
Project("{FAE04EC0-301F-11D3-BF4B-00C04F79EFBC}") = "07 - Main Screen", "07 - Main Screen.csproj", "{9EECCC27-FF6A-4B4E-8638-31484E40FC99}"
EndProject
Global
	GlobalSection(SolutionConfigurationPlatforms) = preSolution
		Debug|Any CPU = Debug|Any CPU
		Release|Any CPU = Release|Any CPU
	EndGlobalSection
	GlobalSection(ProjectConfigurationPlatforms) = postSolution
		{9EECCC27-FF6A-4B4E-8638-31484E40FC99}.Debug|Any CPU.ActiveCfg = Debug|Any CPU
		{9EECCC27-FF6A-4B4E-8638-31484E40FC99}.Debug|Any CPU.Build.0 = Debug|Any CPU
		{9EECCC27-FF6A-4B4E-8638-31484E40FC99}.Release|Any CPU.ActiveCfg = Release|Any CPU
		{9EECCC27-FF6A-4B4E-8638-31484E40FC99}.Release|Any CPU.Build.0 = Release|Any CPU
	EndGlobalSection
	GlobalSection(SolutionProperties) = preSolution
		HideSolutionNode = FALSE
	EndGlobalSection
	GlobalSection(ExtensibilityGlobals) = postSolution
		SolutionGuid = {2363658D-F7F2-4E32-8D01-F3FC21D17109}
	EndGlobalSection
EndGlobal
